{
  "name": "node-starter",
  "version": "0.0.0",
  "lockfileVersion": 2,
  "requires": true,
  "packages": {
    "": {
      "name": "node-starter",
      "version": "0.0.0",
      "dependencies": {
        "pnpm": "^7.13.1"
      }
    },
    "node_modules/pnpm": {
      "version": "7.13.1",
      "resolved": "https://registry.npmjs.org/pnpm/-/pnpm-7.13.1.tgz",
      "integrity": "sha512-Nu1LzxlH3qdIFe0DJ5SciqBl9i7t/eW+c0zKf9g8TXRo20EhXy/e9YwCLY2fEwbIYL/3gZ4zuys010PRpsbHFQ==",
      "bin": {
        "pnpm": "bin/pnpm.cjs",
        "pnpx": "bin/pnpx.cjs"
      },
      "engines": {
        "node": ">=14.6"
      },
      "funding": {
        "url": "https://opencollective.com/pnpm"
      }
    }
  },
  "dependencies": {
    "pnpm": {
      "version": "7.13.1",
      "resolved": "https://registry.npmjs.org/pnpm/-/pnpm-7.13.1.tgz",
      "integrity": "sha512-Nu1LzxlH3qdIFe0DJ5SciqBl9i7t/eW+c0zKf9g8TXRo20EhXy/e9YwCLY2fEwbIYL/3gZ4zuys010PRpsbHFQ=="
    }
  }
}
